
Microsoft Visual Studio Solution File, Format Version 12.00
# Visual Studio Version 17
VisualStudioVersion = 17.12.35527.113
MinimumVisualStudioVersion = 10.0.40219.1
Project("{FAE04EC0-301F-11D3-BF4B-00C04F79EFBC}") = "Beymen.Demo.Service", "Beymen.Demo.Service\Beymen.Demo.Service.csproj", "{200322F7-22B4-47A7-A48E-C1419F6FBE3E}"
EndProject
Project("{FAE04EC0-301F-11D3-BF4B-00C04F79EFBC}") = "Beymen.Demo.Infrastructure", "Beymen.Demo.Infrastructure\Beymen.Demo.Infrastructure.csproj", "{E941E794-2D19-42E8-B343-FAA7575AE2A2}"
EndProject
Project("{FAE04EC0-301F-11D3-BF4B-00C04F79EFBC}") = "Beymen.Demo.Domain", "Beymen.Demo.Domain\Beymen.Demo.Domain.csproj", "{D81F2327-9EED-4ED9-9615-A094F2DBF616}"
EndProject
Project("{FAE04EC0-301F-11D3-BF4B-00C04F79EFBC}") = "Beymen.Demo.Application", "Beymen.Demo.Application\Beymen.Demo.Application.csproj", "{BF906F31-083C-4A85-BBA1-E384F1337322}"
EndProject
Global
	GlobalSection(SolutionConfigurationPlatforms) = preSolution
		Debug|Any CPU = Debug|Any CPU
		Release|Any CPU = Release|Any CPU
	EndGlobalSection
	GlobalSection(ProjectConfigurationPlatforms) = postSolution
		{200322F7-22B4-47A7-A48E-C1419F6FBE3E}.Debug|Any CPU.ActiveCfg = Debug|Any CPU
		{200322F7-22B4-47A7-A48E-C1419F6FBE3E}.Debug|Any CPU.Build.0 = Debug|Any CPU
		{200322F7-22B4-47A7-A48E-C1419F6FBE3E}.Release|Any CPU.ActiveCfg = Release|Any CPU
		{200322F7-22B4-47A7-A48E-C1419F6FBE3E}.Release|Any CPU.Build.0 = Release|Any CPU
		{E941E794-2D19-42E8-B343-FAA7575AE2A2}.Debug|Any CPU.ActiveCfg = Debug|Any CPU
		{E941E794-2D19-42E8-B343-FAA7575AE2A2}.Debug|Any CPU.Build.0 = Debug|Any CPU
		{E941E794-2D19-42E8-B343-FAA7575AE2A2}.Release|Any CPU.ActiveCfg = Release|Any CPU
		{E941E794-2D19-42E8-B343-FAA7575AE2A2}.Release|Any CPU.Build.0 = Release|Any CPU
		{D81F2327-9EED-4ED9-9615-A094F2DBF616}.Debug|Any CPU.ActiveCfg = Debug|Any CPU
		{D81F2327-9EED-4ED9-9615-A094F2DBF616}.Debug|Any CPU.Build.0 = Debug|Any CPU
		{D81F2327-9EED-4ED9-9615-A094F2DBF616}.Release|Any CPU.ActiveCfg = Release|Any CPU
		{D81F2327-9EED-4ED9-9615-A094F2DBF616}.Release|Any CPU.Build.0 = Release|Any CPU
		{BF906F31-083C-4A85-BBA1-E384F1337322}.Debug|Any CPU.ActiveCfg = Debug|Any CPU
		{BF906F31-083C-4A85-BBA1-E384F1337322}.Debug|Any CPU.Build.0 = Debug|Any CPU
		{BF906F31-083C-4A85-BBA1-E384F1337322}.Release|Any CPU.ActiveCfg = Release|Any CPU
		{BF906F31-083C-4A85-BBA1-E384F1337322}.Release|Any CPU.Build.0 = Release|Any CPU
	EndGlobalSection
	GlobalSection(SolutionProperties) = preSolution
		HideSolutionNode = FALSE
	EndGlobalSection
EndGlobal
